
Microsoft Visual Studio Solution File, Format Version 12.00
# Visual Studio Version 17
VisualStudioVersion = 17.2.32616.157
MinimumVisualStudioVersion = 10.0.40219.1
Project("{FAE04EC0-301F-11D3-BF4B-00C04F79EFBC}") = "les2_3", "les2_3\les2_3.csproj", "{6F7F4B92-A47D-4DD4-805B-1A6F10A6BC9E}"
EndProject
Global
	GlobalSection(SolutionConfigurationPlatforms) = preSolution
		Debug|Any CPU = Debug|Any CPU
		Release|Any CPU = Release|Any CPU
	EndGlobalSection
	GlobalSection(ProjectConfigurationPlatforms) = postSolution
		{6F7F4B92-A47D-4DD4-805B-1A6F10A6BC9E}.Debug|Any CPU.ActiveCfg = Debug|Any CPU
		{6F7F4B92-A47D-4DD4-805B-1A6F10A6BC9E}.Debug|Any CPU.Build.0 = Debug|Any CPU
		{6F7F4B92-A47D-4DD4-805B-1A6F10A6BC9E}.Release|Any CPU.ActiveCfg = Release|Any CPU
		{6F7F4B92-A47D-4DD4-805B-1A6F10A6BC9E}.Release|Any CPU.Build.0 = Release|Any CPU
	EndGlobalSection
	GlobalSection(SolutionProperties) = preSolution
		HideSolutionNode = FALSE
	EndGlobalSection
	GlobalSection(ExtensibilityGlobals) = postSolution
		SolutionGuid = {6353DF07-E4EC-4B00-8EF3-8498039A076A}
	EndGlobalSection
EndGlobal
